
Microsoft Visual Studio Solution File, Format Version 12.00
# Visual Studio 2013
VisualStudioVersion = 12.0.21005.1
MinimumVisualStudioVersion = 10.0.40219.1
Project("{FAE04EC0-301F-11D3-BF4B-00C04F79EFBC}") = "RISBD", "RISBD\RISBD.csproj", "{CB087C95-B89D-41E3-99FF-956978DFD087}"
EndProject
Global
	GlobalSection(SolutionConfigurationPlatforms) = preSolution
		Debug|Any CPU = Debug|Any CPU
		Release|Any CPU = Release|Any CPU
	EndGlobalSection
	GlobalSection(ProjectConfigurationPlatforms) = postSolution
		{CB087C95-B89D-41E3-99FF-956978DFD087}.Debug|Any CPU.ActiveCfg = Debug|Any CPU
		{CB087C95-B89D-41E3-99FF-956978DFD087}.Debug|Any CPU.Build.0 = Debug|Any CPU
		{CB087C95-B89D-41E3-99FF-956978DFD087}.Release|Any CPU.ActiveCfg = Release|Any CPU
		{CB087C95-B89D-41E3-99FF-956978DFD087}.Release|Any CPU.Build.0 = Release|Any CPU
	EndGlobalSection
	GlobalSection(SolutionProperties) = preSolution
		HideSolutionNode = FALSE
	EndGlobalSection
EndGlobal
